# THIS IS AN AUTOGENERATED FILE. DO NOT EDIT THIS FILE DIRECTLY.
# yarn lockfile v1


"@js-joda/core@3.2.0":
  version "3.2.0"
  resolved "https://registry.yarnpkg.com/@js-joda/core/-/core-3.2.0.tgz#3e61e21b7b2b8a6be746df1335cf91d70db2a273"
  integrity sha512-PMqgJ0sw5B7FKb2d5bWYIoxjri+QlW/Pys7+Rw82jSH0QN3rB05jZ/VrrsUdh1w4+i2kw9JOejXGq/KhDOX7Kg==

"@posthog/browser-common@^0.9.1":
  version "0.9.1"
  resolved "https://registry.yarnpkg.com/@posthog/browser-common/-/browser-common-0.9.1.tgz#e6eeb281d3fea46ec3dede6be28fa224b3dfdc3f"
  integrity sha512-Dl8uV2OZAxfHfWyC7K0Y3HtT7ld+WGLbXIwgCgAGziOMGDIa/bepCRrCxy7IxsEzqY1HOrq/VDdcoNN7hBTSQQ==
  dependencies:
    "@posthog/core" "^1.55.3"
    "@posthog/types" "^1.413.0"

"@posthog/core@^1.55.3":
  version "1.55.3"
  resolved "https://registry.yarnpkg.com/@posthog/core/-/core-1.55.3.tgz#28d3682bf6b2ba86f36b1a94d7beaea5dc2cd38d"
  integrity sha512-XnmG9jo7WlxTeN4oCNWH4ESLQHR6ZPZ+mcq+8JxU62k5i1BAe3BSrybnmXHjqKp7e3rUvLK2bOzGZGSlfHvlNA==
  dependencies:
    "@posthog/types" "^1.413.0"

"@posthog/types@^1.413.0":
  version "1.413.0"
  resolved "https://registry.yarnpkg.com/@posthog/types/-/types-1.413.0.tgz#5ba7ea6162685567c254e036130e5785f794bd53"
  integrity sha512-tYAVzNojWckuG/wxBB0fwE70sFruQQq4xbhkci7eH2ARU3mMfUTkvpN1HwBMpm0AtbxidLiH0IFvagmdJ8opPw==

"@types/trusted-types@^2.0.7":
  version "2.0.7"
  resolved "https://registry.yarnpkg.com/@types/trusted-types/-/trusted-types-2.0.7.tgz#baccb07a970b91707df3a3e8ba6896c57ead2d11"
  integrity sha512-ScaPdn1dQczgbl0QFTeTOmVHFULt394XJgOQNoyVhZ6r2vLnMLJfBPd53SB52T/3G36VI1/g2MZaX0cwDuXsfw==

core-js@^3.49.0:
  version "3.49.0"
  resolved "https://registry.yarnpkg.com/core-js/-/core-js-3.49.0.tgz#8b4d520ac034311fa21aa616f017ada0e0dbbddd"
  integrity sha512-es1U2+YTtzpwkxVLwAFdSpaIMyQaq0PBgm3YD1W3Qpsn1NAmO3KSgZfu+oGSWVu6NvLHoHCV/aYcsE5wiB7ALg==

dompurify@^3.4.13:
  version "3.4.16"
  resolved "https://registry.yarnpkg.com/dompurify/-/dompurify-3.4.16.tgz#c51b3709ea15ee9abb07e804f2ef30ea9b953128"
  integrity sha512-sqo+pNp3qRhCIpbgRi1y8Tgk27Bo2Ry7w0dC1NBeNTdZChWjz9Xb/KOoZbRP/R6pQZ80Qw8YhXw13hWWBbMRnQ==
  optionalDependencies:
    "@types/trusted-types" "^2.0.7"

fflate@^0.4.8:
  version "0.4.9"
  resolved "https://registry.yarnpkg.com/fflate/-/fflate-0.4.9.tgz#b5d1fd9776e4d3cbcd1a83a1f163b984a0972e21"
  integrity sha512-zdxgIEddhfsyCaWpJ2SdXEP8ZMrKJ6+5jl4OupODcywU0IhRk6gdXuVGcPICyfx2H97hVK7xmJtRLPjkxAX8Vw==

posthog-js@1.435.8:
  version "1.435.8"
  resolved "https://registry.yarnpkg.com/posthog-js/-/posthog-js-1.435.8.tgz#f18315063eaa02b4a7741f4fe9038bd904ce3b67"
  integrity sha512-rUrv0kKhD72Wfu++pBlupvrpt1Z60uTAgNUChAH232a05bbRBzV0P4JqbuZEAaaUXumhuB3a8r+iFMzm/2l1Ow==
  dependencies:
    "@posthog/browser-common" "^0.9.1"
    "@posthog/core" "^1.55.3"
    "@posthog/types" "^1.413.0"
    core-js "^3.49.0"
    dompurify "^3.4.13"
    fflate "^0.4.8"
    preact "^10.29.3"
    query-selector-shadow-dom "^1.0.1"
    web-vitals "^6.2.1"
    web-vitals-soft-navs "npm:web-vitals@6.2.1"

preact@^10.29.3:
  version "10.29.7"
  resolved "https://registry.yarnpkg.com/preact/-/preact-10.29.7.tgz#b70df2eb06e982c7ac65b6df1541e5846ac0f6ba"
  integrity sha512-DCHYrK/B10yUD3ZjLfhZ3WIE/9Vf9VFUODcRE2dRomTYDpJk6z6L9wecSfhfE6M9ZTHUdyQkoC46arIDhEV84Q==

query-selector-shadow-dom@^1.0.1:
  version "1.0.1"
  resolved "https://registry.yarnpkg.com/query-selector-shadow-dom/-/query-selector-shadow-dom-1.0.1.tgz#1c7b0058eff4881ac44f45d8f84ede32e9a2f349"
  integrity sha512-lT5yCqEBgfoMYpf3F2xQRK7zEr1rhIIZuceDK6+xRkJQ4NMbHTwXqk4NkwDwQMNqXgG9r9fyHnzwNVs6zV5KRw==

"web-vitals-soft-navs@npm:web-vitals@6.2.1":
  version "6.2.1"
  resolved "https://registry.yarnpkg.com/web-vitals/-/web-vitals-6.2.1.tgz#1a5c857ceffc8cc25d3977f91b05f2a37505353c"
  integrity sha512-rLcLXA2sx6+9dE88NHFubwTtGxpK4yYBLj6qHPdFoCaLr0cXGb4efOqtKLlm4loGA4OEKHIQKMKzZkKyOh5ctw==

web-vitals@^6.2.1:
  version "6.2.2"
  resolved "https://registry.yarnpkg.com/web-vitals/-/web-vitals-6.2.2.tgz#ff4a7a8d7c5df18074a01f1c4f169e1a57df7193"
  integrity sha512-oto5x6dLEgrRqfcWed+pZEUb2q6ikbFmqF54CRDhI/QGbn+qxC49b4C4OkbH+kb9C3a8shpFD3SgR9kRcs80ZQ==
