# THIS IS AN AUTOGENERATED FILE. DO NOT EDIT THIS FILE DIRECTLY.
# yarn lockfile v1


"@js-joda/core@3.2.0":
  version "3.2.0"
  resolved "https://registry.yarnpkg.com/@js-joda/core/-/core-3.2.0.tgz#3e61e21b7b2b8a6be746df1335cf91d70db2a273"
  integrity sha512-PMqgJ0sw5B7FKb2d5bWYIoxjri+QlW/Pys7+Rw82jSH0QN3rB05jZ/VrrsUdh1w4+i2kw9JOejXGq/KhDOX7Kg==

"@posthog/core@^1.39.6":
  version "1.45.1"
  resolved "https://registry.yarnpkg.com/@posthog/core/-/core-1.45.1.tgz#4704b108bd6f8cdbbf2299cc8b9c2ec2565fe89b"
  integrity sha512-tLtvzomavb2PPWdGYKsusyIzIeL2Px47v348Smibkay7sMy/83TyPk+Ptsp2NdeOgJsbuwSxWkR2+XA0aSCAaA==
  dependencies:
    "@posthog/types" "^1.398.0"

"@posthog/types@^1.392.1", "@posthog/types@^1.398.0":
  version "1.398.0"
  resolved "https://registry.yarnpkg.com/@posthog/types/-/types-1.398.0.tgz#a2a2bd57700837793d6ca9303025a912ae9c473e"
  integrity sha512-sJMkl4k+u8yS/0fjHsKqE9xTdsAh30a2WvgChiptellnVoE0e8QJKFgqOMD2sk8FaEArPdeFklAhXvmENAt3Sg==

"@types/trusted-types@^2.0.7":
  version "2.0.7"
  resolved "https://registry.yarnpkg.com/@types/trusted-types/-/trusted-types-2.0.7.tgz#baccb07a970b91707df3a3e8ba6896c57ead2d11"
  integrity sha512-ScaPdn1dQczgbl0QFTeTOmVHFULt394XJgOQNoyVhZ6r2vLnMLJfBPd53SB52T/3G36VI1/g2MZaX0cwDuXsfw==

core-js@^3.49.0:
  version "3.49.0"
  resolved "https://registry.yarnpkg.com/core-js/-/core-js-3.49.0.tgz#8b4d520ac034311fa21aa616f017ada0e0dbbddd"
  integrity sha512-es1U2+YTtzpwkxVLwAFdSpaIMyQaq0PBgm3YD1W3Qpsn1NAmO3KSgZfu+oGSWVu6NvLHoHCV/aYcsE5wiB7ALg==

dompurify@^3.3.2:
  version "3.4.12"
  resolved "https://registry.yarnpkg.com/dompurify/-/dompurify-3.4.12.tgz#6fa2265e9bbdce882c4ace4107626051b448ffa8"
  integrity sha512-zQvGet8Z2sWbQhCmfFz/T5QWH2oBmjnqK3qvOjaqaNLrLEF912WamU+ohnTp0TCep/MFVHpdJuCZEdFOdTnEFg==
  optionalDependencies:
    "@types/trusted-types" "^2.0.7"

fflate@^0.4.8:
  version "0.4.9"
  resolved "https://registry.yarnpkg.com/fflate/-/fflate-0.4.9.tgz#b5d1fd9776e4d3cbcd1a83a1f163b984a0972e21"
  integrity sha512-zdxgIEddhfsyCaWpJ2SdXEP8ZMrKJ6+5jl4OupODcywU0IhRk6gdXuVGcPICyfx2H97hVK7xmJtRLPjkxAX8Vw==

posthog-js@1.398.7:
  version "1.398.7"
  resolved "https://registry.yarnpkg.com/posthog-js/-/posthog-js-1.398.7.tgz#a46db749f0d31c17768686d8b7b7357a902cd833"
  integrity sha512-hZR59/JhUZnXdNvarOCdZZDYKvvHITa2xSRX9DGk4hQJuRjccnlaATQBLh4F5GilCHP1aI9y/PJjXtOGqtqsnw==
  dependencies:
    "@posthog/core" "^1.39.6"
    "@posthog/types" "^1.392.1"
    core-js "^3.49.0"
    dompurify "^3.3.2"
    fflate "^0.4.8"
    preact "^10.29.3"
    query-selector-shadow-dom "^1.0.1"
    web-vitals "^5.3.0"

preact@^10.29.3:
  version "10.29.7"
  resolved "https://registry.yarnpkg.com/preact/-/preact-10.29.7.tgz#b70df2eb06e982c7ac65b6df1541e5846ac0f6ba"
  integrity sha512-DCHYrK/B10yUD3ZjLfhZ3WIE/9Vf9VFUODcRE2dRomTYDpJk6z6L9wecSfhfE6M9ZTHUdyQkoC46arIDhEV84Q==

query-selector-shadow-dom@^1.0.1:
  version "1.0.1"
  resolved "https://registry.yarnpkg.com/query-selector-shadow-dom/-/query-selector-shadow-dom-1.0.1.tgz#1c7b0058eff4881ac44f45d8f84ede32e9a2f349"
  integrity sha512-lT5yCqEBgfoMYpf3F2xQRK7zEr1rhIIZuceDK6+xRkJQ4NMbHTwXqk4NkwDwQMNqXgG9r9fyHnzwNVs6zV5KRw==

web-vitals@^5.3.0:
  version "5.3.0"
  resolved "https://registry.yarnpkg.com/web-vitals/-/web-vitals-5.3.0.tgz#a67f57f229fdf68be99eb99d3725946def284ff3"
  integrity sha512-q6LWsLatGYZp5VGBIOvbTj6JBV2nOmC8KvWztXBmwJcfFAzhwKwbOxhUH306XY3CcaZDUlSmSuNPBsCn0bFu+g==
